
Microsoft Visual Studio Solution File, Format Version 12.00
# Visual Studio Version 17
VisualStudioVersion = 17.4.33205.214
MinimumVisualStudioVersion = 10.0.40219.1
Project("{9A19103F-16F7-4668-BE54-9A1E7A4F7556}") = "MailSendTest", "MailSendTest\MailSendTest.csproj", "{6775ED26-C7E1-4C08-B254-04EB6CE1CD96}"
EndProject
Project("{FAE04EC0-301F-11D3-BF4B-00C04F79EFBC}") = "Notify", "Notify\Notify.csproj", "{93A71106-E2BD-4CD4-A95F-FD72714C83EA}"
EndProject
Global
	GlobalSection(SolutionConfigurationPlatforms) = preSolution
		Debug|Any CPU = Debug|Any CPU
		Release|Any CPU = Release|Any CPU
	EndGlobalSection
	GlobalSection(ProjectConfigurationPlatforms) = postSolution
		{6775ED26-C7E1-4C08-B254-04EB6CE1CD96}.Debug|Any CPU.ActiveCfg = Debug|Any CPU
		{6775ED26-C7E1-4C08-B254-04EB6CE1CD96}.Debug|Any CPU.Build.0 = Debug|Any CPU
		{6775ED26-C7E1-4C08-B254-04EB6CE1CD96}.Release|Any CPU.ActiveCfg = Release|Any CPU
		{6775ED26-C7E1-4C08-B254-04EB6CE1CD96}.Release|Any CPU.Build.0 = Release|Any CPU
		{93A71106-E2BD-4CD4-A95F-FD72714C83EA}.Debug|Any CPU.ActiveCfg = Debug|Any CPU
		{93A71106-E2BD-4CD4-A95F-FD72714C83EA}.Debug|Any CPU.Build.0 = Debug|Any CPU
		{93A71106-E2BD-4CD4-A95F-FD72714C83EA}.Release|Any CPU.ActiveCfg = Release|Any CPU
		{93A71106-E2BD-4CD4-A95F-FD72714C83EA}.Release|Any CPU.Build.0 = Release|Any CPU
	EndGlobalSection
	GlobalSection(SolutionProperties) = preSolution
		HideSolutionNode = FALSE
	EndGlobalSection
	GlobalSection(ExtensibilityGlobals) = postSolution
		SolutionGuid = {3108BAF6-5185-4AED-9C3F-7A94111337B5}
	EndGlobalSection
EndGlobal
